Microsoft Visual Studio Solution File, Format Version 12.00
# Visual Studio Version 17
VisualStudioVersion = 17.13.35825.156
MinimumVisualStudioVersion = 10.0.40219.1
Project("{FAE04EC0-301F-11D3-BF4B-00C04F79EFBC}") = "TrainingForDatabase", "TrainingForDatabase.csproj", "{7E782BEB-092A-4585-89EF-DE0FBDB539B2}"
EndProject
Global
	GlobalSection(SolutionConfigurationPlatforms) = preSolution
		Debug|Any CPU = Debug|Any CPU
		Release|Any CPU = Release|Any CPU
	EndGlobalSection
	GlobalSection(ProjectConfigurationPlatforms) = postSolution
		{7E782BEB-092A-4585-89EF-DE0FBDB539B2}.Debug|Any CPU.ActiveCfg = Debug|Any CPU
		{7E782BEB-092A-4585-89EF-DE0FBDB539B2}.Debug|Any CPU.Build.0 = Debug|Any CPU
		{7E782BEB-092A-4585-89EF-DE0FBDB539B2}.Release|Any CPU.ActiveCfg = Release|Any CPU
		{7E782BEB-092A-4585-89EF-DE0FBDB539B2}.Release|Any CPU.Build.0 = Release|Any CPU
	EndGlobalSection
	GlobalSection(SolutionProperties) = preSolution
		HideSolutionNode = FALSE
	EndGlobalSection
	GlobalSection(ExtensibilityGlobals) = postSolution
		SolutionGuid = {140ACFE9-8C2F-4244-AEAB-D9875A4EFB28}
	EndGlobalSection
EndGlobal
